
Microsoft Visual Studio Solution File, Format Version 12.00
# Visual Studio 2012
Project("{FAE04EC0-301F-11D3-BF4B-00C04F79EFBC}") = "BalcaitisA_L2a", "BalcaitisA_L2a\BalcaitisA_L2a.csproj", "{5F4B7ECB-B657-4337-89F6-C6E18399C885}"
EndProject
Global
	GlobalSection(SolutionConfigurationPlatforms) = preSolution
		Debug|Any CPU = Debug|Any CPU
		Release|Any CPU = Release|Any CPU
	EndGlobalSection
	GlobalSection(ProjectConfigurationPlatforms) = postSolution
		{5F4B7ECB-B657-4337-89F6-C6E18399C885}.Debug|Any CPU.ActiveCfg = Debug|Any CPU
		{5F4B7ECB-B657-4337-89F6-C6E18399C885}.Debug|Any CPU.Build.0 = Debug|Any CPU
		{5F4B7ECB-B657-4337-89F6-C6E18399C885}.Release|Any CPU.ActiveCfg = Release|Any CPU
		{5F4B7ECB-B657-4337-89F6-C6E18399C885}.Release|Any CPU.Build.0 = Release|Any CPU
	EndGlobalSection
	GlobalSection(SolutionProperties) = preSolution
		HideSolutionNode = FALSE
	EndGlobalSection
EndGlobal
